
Microsoft Visual Studio Solution File, Format Version 12.00
# Visual Studio 15
VisualStudioVersion = 15.0.27130.2027
MinimumVisualStudioVersion = 10.0.40219.1
Project("{FAE04EC0-301F-11D3-BF4B-00C04F79EFBC}") = "NumberGuesser", "NumberGuesser\NumberGuesser.csproj", "{6136808D-29F6-4ABE-BBD8-52D3FAB91DE8}"
EndProject
Global
	GlobalSection(SolutionConfigurationPlatforms) = preSolution
		Debug|Any CPU = Debug|Any CPU
		Release|Any CPU = Release|Any CPU
	EndGlobalSection
	GlobalSection(ProjectConfigurationPlatforms) = postSolution
		{6136808D-29F6-4ABE-BBD8-52D3FAB91DE8}.Debug|Any CPU.ActiveCfg = Debug|Any CPU
		{6136808D-29F6-4ABE-BBD8-52D3FAB91DE8}.Debug|Any CPU.Build.0 = Debug|Any CPU
		{6136808D-29F6-4ABE-BBD8-52D3FAB91DE8}.Release|Any CPU.ActiveCfg = Release|Any CPU
		{6136808D-29F6-4ABE-BBD8-52D3FAB91DE8}.Release|Any CPU.Build.0 = Release|Any CPU
	EndGlobalSection
	GlobalSection(SolutionProperties) = preSolution
		HideSolutionNode = FALSE
	EndGlobalSection
	GlobalSection(ExtensibilityGlobals) = postSolution
		SolutionGuid = {5056C026-B647-452B-964F-6D1BA7FD92E8}
	EndGlobalSection
EndGlobal
